version = 1
revision = 3
requires-python = "==3.12.*"
resolution-markers = [
    "sys_platform == 'win32'",
    "sys_platform == 'emscripten'",
    "sys_platform != 'emscripten' and sys_platform != 'win32'",
]

[[package]]
name = "colorama"
version = "0.4.6"
source = { registry = "https://pypi.org/simple" }
sdist = { url = "https://files.pythonhosted.org/packages/d8/53/6f443c9a4a8358a93a6792e2acffb9d9d5cb0a5cfd8802644b7b1c9a02e4/colorama-0.4.6.tar.gz", hash = "sha256:08695f5cb7ed6e0531a20572697297273c47b8cae5a63ffc6d6ed5c201be6e44", size = 27697, upload-time = "2022-10-25T02:36:22.414Z" }
wheels = [
    { url = "https://files.pythonhosted.org/packages/d1/d6/3965ed04c63042e047cb6a3e6ed1a63a35087b6a609aa3a15ed8ac56c221/colorama-0.4.6-py2.py3-none-any.whl", hash = "sha256:4f1d9991f5acc0ca119f9d443620b77f9d6b33703e51011c16baf57afb285fc6", size = 25335, upload-time = "2022-10-25T02:36:20.889Z" },
]

[[package]]
name = "greenlet"
version = "3.5.1"
source = { registry = "https://pypi.org/simple" }
sdist = { url = "https://files.pythonhosted.org/packages/6d/6e/802acd792aebb2256fbbee8cacf2727faaeb6f240ac11008f09eae4414bc/greenlet-3.5.1.tar.gz", hash = "sha256:5a56aeb7d5d9cc4b3a735efb5095bd4b4f6f0e4f93e5ca876d0e2315137b7829", size = 197356, upload-time = "2026-05-20T15:05:03.917Z" }
wheels = [
    { url = "https://files.pythonhosted.org/packages/c4/37/4549f149c9797c21b32c2683c33522af22522099de128b2406672526d005/greenlet-3.5.1-cp312-cp312-macosx_11_0_universal2.whl", hash = "sha256:fa4f98af3a528f0c3fd592a26df7f376f93329c8f4d987f6bb979057af8bf5e2", size = 286220, upload-time = "2026-05-20T13:07:28.463Z" },
    { url = "https://files.pythonhosted.org/packages/38/ff/a4f436709716965eaab9f36ea7b906c8a927fbe32fb1372a2071d964f6b1/greenlet-3.5.1-cp312-cp312-manylinux_2_24_aarch64.manylinux_2_28_aarch64.whl", hash = "sha256:ffea73584b216150eab159b6d12348fb253e68757974de1e2c40d8a318ac89ed", size = 601585, upload-time = "2026-05-20T14:00:06.141Z" },
    { url = "https://files.pythonhosted.org/packages/65/ad/54bc3fcee3ad368a61b19b67d88117f7a8c29727bf71fffdeda81fbd946e/greenlet-3.5.1-cp312-cp312-manylinux_2_24_ppc64le.manylinux_2_28_ppc64le.whl", hash = "sha256:1072b4f9edcc1e192d9283a66a3e68d6b84c561de33a83d7858beb9ba1effe10", size = 614215, upload-time = "2026-05-20T14:05:42.675Z" },
    { url = "https://files.pythonhosted.org/packages/7c/6c/de5b1b388cd2d9fbdfeab324863daba37d54e6e233ddbefd70b385a8c591/greenlet-3.5.1-cp312-cp312-manylinux_2_24_s390x.manylinux_2_28_s390x.whl", hash = "sha256:89101bfd5011e069be974903cb3a4e4523845e4ece2d62dcd8d358933c0ef249", size = 620094, upload-time = "2026-05-20T14:09:09.18Z" },
    { url = "https://files.pythonhosted.org/packages/40/69/b91cda0647df839483201545913514c2827ebea5e5ccdf931842763bc127/greenlet-3.5.1-cp312-cp312-manylinux_2_24_x86_64.manylinux_2_28_x86_64.whl", hash = "sha256:add5217d68b31130f0beca584d7fef4878327d2e31642b66618a14eef312b63b", size = 611358, upload-time = "2026-05-20T13:14:26.37Z" },
    { url = "https://files.pythonhosted.org/packages/4a/43/1204baffab8a6476464795a7ccf394a3248d4f22c9f87173a15b36b6d971/greenlet-3.5.1-cp312-cp312-manylinux_2_39_riscv64.whl", hash = "sha256:e6cd99ea59dd5d89f0c956606571d79bfe6f68c9eb7f4a4083a41a7f1587edee", size = 422782, upload-time = "2026-05-20T14:01:39.597Z" },
    { url = "https://files.pythonhosted.org/packages/59/90/3cf77e080350cd02fa307bb2abf05df48f4482c240275bbd2c203ba8bb1c/greenlet-3.5.1-cp312-cp312-musllinux_1_2_aarch64.whl", hash = "sha256:a5ea42a752d47a145eae922b605cd1634665ac3d5ec1e72402d5048e8d60d207", size = 1570475, upload-time = "2026-05-20T14:02:25.29Z" },
    { url = "https://files.pythonhosted.org/packages/65/2c/18cece62045e74598c3c393f70dce4a63f56222015ba29a5d4eeb04f764c/greenlet-3.5.1-cp312-cp312-musllinux_1_2_x86_64.whl", hash = "sha256:c5551170cf4f5ff5623e9af81323751979fee2c731e2287b61f73cd27257b823", size = 1635625, upload-time = "2026-05-20T13:14:34.027Z" },
    { url = "https://files.pythonhosted.org/packages/30/f5/310d104ddf41eb5a70f4c268d22508dfb0c3c8e86fec152be34d0d2ed819/greenlet-3.5.1-cp312-cp312-win_amd64.whl", hash = "sha256:3c8bb982ad117d29478ef8f5533e97df21f1e2befd17a299257b0c96d1371c0b", size = 238791, upload-time = "2026-05-20T13:10:39.018Z" },
    { url = "https://files.pythonhosted.org/packages/62/90/ceca11f504cd23a8047a3dea31919adc48df9b626dd0c13f0d858734fdfd/greenlet-3.5.1-cp312-cp312-win_arm64.whl", hash = "sha256:80eb4b04dadc4e67df3fae179a32c4706a3f495bc7f22fc8a81115d5f5512188", size = 235580, upload-time = "2026-05-20T13:08:45.056Z" },
]

[[package]]
name = "iniconfig"
version = "2.3.0"
source = { registry = "https://pypi.org/simple" }
sdist = { url = "https://files.pythonhosted.org/packages/72/34/14ca021ce8e5dfedc35312d08ba8bf51fdd999c576889fc2c24cb97f4f10/iniconfig-2.3.0.tar.gz", hash = "sha256:c76315c77db068650d49c5b56314774a7804df16fee4402c1f19d6d15d8c4730", size = 20503, upload-time = "2025-10-18T21:55:43.219Z" }
wheels = [
    { url = "https://files.pythonhosted.org/packages/cb/b1/3846dd7f199d53cb17f49cba7e651e9ce294d8497c8c150530ed11865bb8/iniconfig-2.3.0-py3-none-any.whl", hash = "sha256:f631c04d2c48c52b84d0d0549c99ff3859c98df65b3101406327ecc7d53fbf12", size = 7484, upload-time = "2025-10-18T21:55:41.639Z" },
]

[[package]]
name = "joblib"
version = "1.5.3"
source = { registry = "https://pypi.org/simple" }
sdist = { url = "https://files.pythonhosted.org/packages/41/f2/d34e8b3a08a9cc79a50b2208a93dce981fe615b64d5a4d4abee421d898df/joblib-1.5.3.tar.gz", hash = "sha256:8561a3269e6801106863fd0d6d84bb737be9e7631e33aaed3fb9ce5953688da3", size = 331603, upload-time = "2025-12-15T08:41:46.427Z" }
wheels = [
    { url = "https://files.pythonhosted.org/packages/7b/91/984aca2ec129e2757d1e4e3c81c3fcda9d0f85b74670a094cc443d9ee949/joblib-1.5.3-py3-none-any.whl", hash = "sha256:5fc3c5039fc5ca8c0276333a188bbd59d6b7ab37fe6632daa76bc7f9ec18e713", size = 309071, upload-time = "2025-12-15T08:41:44.973Z" },
]

[[package]]
name = "narwhals"
version = "2.22.0"
source = { registry = "https://pypi.org/simple" }
sdist = { url = "https://files.pythonhosted.org/packages/9c/1c/c80cb7719721a44846c6301ef118434bae30a423924bfad3a47f16bdc064/narwhals-2.22.0.tar.gz", hash = "sha256:6486282bb7e4b4ab55963efbd8be1451b764cc4874b74d1fd625eba9dc60b86f", size = 417565, upload-time = "2026-06-01T13:34:36.249Z" }
wheels = [
    { url = "https://files.pythonhosted.org/packages/1f/b6/e7cdde7b8e90d5dff25b622f95833ef26567ad184c977278b93a1cbd5717/narwhals-2.22.0-py3-none-any.whl", hash = "sha256:1421797ede01789cc1537619dbc3f36f840737240f748fdb24a60a0225fc80be", size = 453815, upload-time = "2026-06-01T13:34:34.127Z" },
]

[[package]]
name = "networked-punks-predictor"
version = "0.1.0"
source = { editable = "." }
dependencies = [
    { name = "joblib" },
    { name = "numpy" },
    { name = "pandas" },
    { name = "psycopg", extra = ["binary"] },
    { name = "scikit-learn" },
    { name = "sqlalchemy" },
]

[package.dev-dependencies]
dev = [
    { name = "pytest" },
]

[package.metadata]
requires-dist = [
    { name = "joblib", specifier = ">=1.4.2" },
    { name = "numpy", specifier = ">=2.2.0" },
    { name = "pandas", specifier = ">=2.2.3" },
    { name = "psycopg", extras = ["binary"], specifier = ">=3.2.3" },
    { name = "scikit-learn", specifier = ">=1.6.0" },
    { name = "sqlalchemy", specifier = ">=2.0.36" },
]

[package.metadata.requires-dev]
dev = [{ name = "pytest", specifier = ">=8.3.4" }]

[[package]]
name = "numpy"
version = "2.4.6"
source = { registry = "https://pypi.org/simple" }
sdist = { url = "https://files.pythonhosted.org/packages/d0/ad/fed0499ce6a338d2a03ebae59cd15093910c8875328855781952abf6c2fe/numpy-2.4.6.tar.gz", hash = "sha256:f3a3570c4a2a16746ac2c31a7c7c7b0c186b95ce902e33db6f28094ed7387dda", size = 20735807, upload-time = "2026-05-18T23:37:14.07Z" }
wheels = [
    { url = "https://files.pythonhosted.org/packages/95/2a/3d7b5ac8aac24feaf9ad7ed58f45b0bbc06d37e4338ae84c9f2298b570f9/numpy-2.4.6-cp312-cp312-macosx_10_13_x86_64.whl", hash = "sha256:001fbb8e08d942dd57599e781f2472269ee7f2755fae407b4f67b2f0b17da3f1", size = 16689119, upload-time = "2026-05-18T23:33:54.065Z" },
    { url = "https://files.pythonhosted.org/packages/ea/12/92c4c131527599e8288d6918e888d88726f84d805d784b771f32408aeaef/numpy-2.4.6-cp312-cp312-macosx_11_0_arm64.whl", hash = "sha256:ebfb099f8dcf083deef3ac1ca4c1503f387cf76296fcb3816b66f5ecb5f54fdb", size = 14699246, upload-time = "2026-05-18T23:33:57.621Z" },
    { url = "https://files.pythonhosted.org/packages/ad/fe/c0a6b7b2ca128a8fb228575147073b660656734b8ebe4d76c8fd748dcc79/numpy-2.4.6-cp312-cp312-macosx_14_0_arm64.whl", hash = "sha256:3213d622a0283a39a93d188f3cf72b26862df52fbb4ca3697f51705016523d41", size = 5204410, upload-time = "2026-05-18T23:34:00.302Z" },
    { url = "https://files.pythonhosted.org/packages/f3/d4/9770d14ba719432bb90a421bfd443872ed0f70f7264b64bec12ea363d5fd/numpy-2.4.6-cp312-cp312-macosx_14_0_x86_64.whl", hash = "sha256:357cc07a6d7b0b182ff02249616a03742827ebb1277546b5c7cd7f7620a45698", size = 6551240, upload-time = "2026-05-18T23:34:02.852Z" },
    { url = "https://files.pythonhosted.org/packages/c9/c6/50a46a6205feba2343f1d6d17438107c5dc491ed1c736e6ea68689fd906b/numpy-2.4.6-cp312-cp312-manylinux_2_27_aarch64.manylinux_2_28_aarch64.whl", hash = "sha256:5f9fb9157b4ce2971008323afe46053787b526ef624fea915b261468a8421a0f", size = 15671012, upload-time = "2026-05-18T23:34:05.485Z" },
    { url = "https://files.pythonhosted.org/packages/99/60/14115e6364fa676c5397c2ad3004e527e9aa487abf5d0706ec81bbd08529/numpy-2.4.6-cp312-cp312-manylinux_2_27_x86_64.manylinux_2_28_x86_64.whl", hash = "sha256:90f9849678c75fe7afa2d348ac842c168b0a4d3d61919687216dfc547976d853", size = 16645538, upload-time = "2026-05-18T23:34:09.265Z" },
    { url = "https://files.pythonhosted.org/packages/ae/c5/693cbe59e57db94d2231fa519ca3978dc9e19da5a8f088588f5c6e947ff2/numpy-2.4.6-cp312-cp312-musllinux_1_2_aarch64.whl", hash = "sha256:c1a2af6c6ef86344a6b0db6b97834208bf598db514f2b155042439b62605601a", size = 17020706, upload-time = "2026-05-18T23:34:13.053Z" },
    { url = "https://files.pythonhosted.org/packages/ef/fc/85b7c4eff9b4966ade25c2273cf7e7012e92366c032058653934b37de044/numpy-2.4.6-cp312-cp312-musllinux_1_2_x86_64.whl", hash = "sha256:e5805d5a22fd19c8ccff10a9561f9df94436b0545619ea579db2d3c35294bce2", size = 18368541, upload-time = "2026-05-18T23:34:17.024Z" },
    { url = "https://files.pythonhosted.org/packages/f6/81/e1b27545deedce7f4a0b348618c6b62d74e36a4dc9ccd42f3eb2f85eee32/numpy-2.4.6-cp312-cp312-win32.whl", hash = "sha256:e3eeb0aabd6bd5ce64faae67e9935203a6991b4bc2a485a767fbafb2c5125f45", size = 5962825, upload-time = "2026-05-18T23:34:20.3Z" },
    { url = "https://files.pythonhosted.org/packages/ab/ca/feab00bd44aa5fe1ad2c18f08b4d3bb92e26484b0b1d1443897809ed528c/numpy-2.4.6-cp312-cp312-win_amd64.whl", hash = "sha256:d8e8286dd7cea7895157318d1b91cdacac64c479f3cbc8dce548331728484751", size = 12321687, upload-time = "2026-05-18T23:34:23.095Z" },
    { url = "https://files.pythonhosted.org/packages/63/cf/5a6d34850a39d1093558564f77ee8e8e0bee5061151b8f05a55711001ec7/numpy-2.4.6-cp312-cp312-win_arm64.whl", hash = "sha256:4081eb135ac24158bd51cdfbef16f1c64df7063b1143f24731387137c092bec8", size = 10221482, upload-time = "2026-05-18T23:34:25.876Z" },
]

[[package]]
name = "packaging"
version = "26.2"
source = { registry = "https://pypi.org/simple" }
sdist = { url = "https://files.pythonhosted.org/packages/d7/f1/e7a6dd94a8d4a5626c03e4e99c87f241ba9e350cd9e6d75123f992427270/packaging-26.2.tar.gz", hash = "sha256:ff452ff5a3e828ce110190feff1178bb1f2ea2281fa2075aadb987c2fb221661", size = 228134, upload-time = "2026-04-24T20:15:23.917Z" }
wheels = [
    { url = "https://files.pythonhosted.org/packages/df/b2/87e62e8c3e2f4b32e5fe99e0b86d576da1312593b39f47d8ceef365e95ed/packaging-26.2-py3-none-any.whl", hash = "sha256:5fc45236b9446107ff2415ce77c807cee2862cb6fac22b8a73826d0693b0980e", size = 100195, upload-time = "2026-04-24T20:15:22.081Z" },
]

[[package]]
name = "pandas"
version = "3.0.3"
source = { registry = "https://pypi.org/simple" }
dependencies = [
    { name = "numpy" },
    { name = "python-dateutil" },
    { name = "tzdata", marker = "sys_platform == 'emscripten' or sys_platform == 'win32'" },
]
sdist = { url = "https://files.pythonhosted.org/packages/f8/87/4341c6252d1c47b08768c3d25ac487362bf403f0313ddae4a2a26c9b1b4c/pandas-3.0.3.tar.gz", hash = "sha256:696a4a00a2a2a35d4e5deb3fc946641b96c944f02230e4f76137fe35d806c4fc", size = 4651414, upload-time = "2026-05-11T18:54:29.21Z" }
wheels = [
    { url = "https://files.pythonhosted.org/packages/24/f1/392f8c5bfc16f66a0d2d41561c01627c228fe7ed2a0d056ef11315042570/pandas-3.0.3-cp312-cp312-macosx_10_13_x86_64.whl", hash = "sha256:fed2ff7fd9779120e388e285fc029bd5cf9490cdd2e4166a9ee22c0e49a9ab09", size = 10357846, upload-time = "2026-05-11T18:52:36.143Z" },
    { url = "https://files.pythonhosted.org/packages/cf/3d/b16412745651e855f357e5e66930248688378853a6e2698a214e331fba1f/pandas-3.0.3-cp312-cp312-macosx_11_0_arm64.whl", hash = "sha256:b168fc218fd80a6cbdbdbc1a97ddc7889ed057d7eb45f50d866ceab5f39904c4", size = 9899550, upload-time = "2026-05-11T18:52:38.976Z" },
    { url = "https://files.pythonhosted.org/packages/31/a8/fa2535168fffcedf67f4f6de28d2dd903a747ca7c8ea6989451aaeb3a92f/pandas-3.0.3-cp312-cp312-manylinux_2_24_aarch64.manylinux_2_28_aarch64.whl", hash = "sha256:0383c72c75cdcca61a9e116e611143902dbfd08bff356829c2f6d1cf40a9ca8c", size = 10412965, upload-time = "2026-05-11T18:52:41.915Z" },
    { url = "https://files.pythonhosted.org/packages/65/b6/09b01cdbc15224e2850365192d17b7bdebb8bdbd8780ed221fcdf0d9a515/pandas-3.0.3-cp312-cp312-manylinux_2_24_x86_64.manylinux_2_28_x86_64.whl", hash = "sha256:6dc0b3fd2169c9157deed50b4d519553a3655c8c6a96027136d654592be973a9", size = 10894600, upload-time = "2026-05-11T18:52:45.02Z" },
    { url = "https://files.pythonhosted.org/packages/c9/a4/2eb28f2fccb4ced4a2c79ab2a5dee9ade1ebf44922ebad6fea158c9f95d4/pandas-3.0.3-cp312-cp312-musllinux_1_2_aarch64.whl", hash = "sha256:7e65d5407dc0b394f509699650e4a2ec01c0514f21850f453fa60f3be79a5dbf", size = 11422824, upload-time = "2026-05-11T18:52:48.058Z" },
    { url = "https://files.pythonhosted.org/packages/f8/45/830bb57f533a4604b355e07edcb8ea18cf88b5f94e5fca92f27052d7c597/pandas-3.0.3-cp312-cp312-musllinux_1_2_x86_64.whl", hash = "sha256:f8894dc474d648fe7b6ff0ca9b0bd73950d19952bc1a6534540762c5d79d305c", size = 11950889, upload-time = "2026-05-11T18:52:50.905Z" },
    { url = "https://files.pythonhosted.org/packages/b9/c5/fc1b368f303087d20e8c9bf3d6ceb186263cfac0ade735cd938538bea839/pandas-3.0.3-cp312-cp312-win_amd64.whl", hash = "sha256:c7be265b62cef88e253a941e4698604973736dcfe242fdb5198f0f7bc473cdcc", size = 9755463, upload-time = "2026-05-11T18:52:53.386Z" },
    { url = "https://files.pythonhosted.org/packages/86/bd/fda8f9705b1b09c6ebe14bfc0fa0e4ec8584d54ea673628f157ff55131af/pandas-3.0.3-cp312-cp312-win_arm64.whl", hash = "sha256:557409bc4178e70ee8d9ddb494798e51ebf6ea59330f6be22c51bab2a7db6c49", size = 9066158, upload-time = "2026-05-11T18:52:56.038Z" },
]

[[package]]
name = "pluggy"
version = "1.6.0"
source = { registry = "https://pypi.org/simple" }
sdist = { url = "https://files.pythonhosted.org/packages/f9/e2/3e91f31a7d2b083fe6ef3fa267035b518369d9511ffab804f839851d2779/pluggy-1.6.0.tar.gz", hash = "sha256:7dcc130b76258d33b90f61b658791dede3486c3e6bfb003ee5c9bfb396dd22f3", size = 69412, upload-time = "2025-05-15T12:30:07.975Z" }
wheels = [
    { url = "https://files.pythonhosted.org/packages/54/20/4d324d65cc6d9205fabedc306948156824eb9f0ee1633355a8f7ec5c66bf/pluggy-1.6.0-py3-none-any.whl", hash = "sha256:e920276dd6813095e9377c0bc5566d94c932c33b27a3e3945d8389c374dd4746", size = 20538, upload-time = "2025-05-15T12:30:06.134Z" },
]

[[package]]
name = "psycopg"
version = "3.3.4"
source = { registry = "https://pypi.org/simple" }
dependencies = [
    { name = "typing-extensions" },
    { name = "tzdata", marker = "sys_platform == 'win32'" },
]
sdist = { url = "https://files.pythonhosted.org/packages/db/2f/cb91e5502ec9de1de6f1b76cfbf69531932725361168bb06963620c77e2e/psycopg-3.3.4.tar.gz", hash = "sha256:e21207764952cff81b6b8bdacad9a3939f2793367fdac2987b3aac36a651b5bc", size = 165799, upload-time = "2026-05-01T23:31:55.179Z" }
wheels = [
    { url = "https://files.pythonhosted.org/packages/5c/e0/7b3dee031daae7743609ce3c746565d4a3ed7c2c186479eb48e34e838c64/psycopg-3.3.4-py3-none-any.whl", hash = "sha256:b6bbc25ccf05c8fad3b061d9db2ef0909a555171b84b07f29458a447253d679a", size = 213001, upload-time = "2026-05-01T23:20:50.816Z" },
]

[package.optional-dependencies]
binary = [
    { name = "psycopg-binary", marker = "implementation_name != 'pypy'" },
]

[[package]]
name = "psycopg-binary"
version = "3.3.4"
source = { registry = "https://pypi.org/simple" }
wheels = [
    { url = "https://files.pythonhosted.org/packages/95/7d/03818e13ba7f36de93573c93ee3482006d3dfa8b0f8d28df511bad0a1a92/psycopg_binary-3.3.4-cp312-cp312-macosx_10_13_x86_64.whl", hash = "sha256:5ab28a2a7649df3b72e6b674b4c190e448e8e77cf496a65bd846472048de2089", size = 4591122, upload-time = "2026-05-01T23:27:56.162Z" },
    { url = "https://files.pythonhosted.org/packages/a5/b9/11b341edf8d54e2694726b273fe9652b254d989f4f63e3ac6816ad6b55f4/psycopg_binary-3.3.4-cp312-cp312-macosx_11_0_arm64.whl", hash = "sha256:6402a9d8146cf4b3974ded3fd28a971e83dc6a0333eb7822524a3aa20b546578", size = 4669943, upload-time = "2026-05-01T23:28:04.522Z" },
    { url = "https://files.pythonhosted.org/packages/8b/18/4665bacd65e7865b4372fcd8abb8b9186ada4b0025f8c2ca691b364a556c/psycopg_binary-3.3.4-cp312-cp312-manylinux2014_ppc64le.manylinux_2_17_ppc64le.whl", hash = "sha256:580ae30a5f95ccd90008ec697d3ed6a4a2047a516407ad904283fa42086936e9", size = 5469697, upload-time = "2026-05-01T23:28:11.337Z" },
    { url = "https://files.pythonhosted.org/packages/7c/b1/b83136c6e510593d9b0c759ba5384337bc4ad82d19fda675adc4b2703c84/psycopg_binary-3.3.4-cp312-cp312-manylinux2014_x86_64.manylinux_2_17_x86_64.whl", hash = "sha256:e7510c37550f91a187e3660a8cc50d4b760f8c3b8b2f89ebc5698cd2c7f2c85d", size = 5152995, upload-time = "2026-05-01T23:28:20.529Z" },
    { url = "https://files.pythonhosted.org/packages/67/8d/a9821e2a648afe6091989929982a3b0f00b2631a859cb81379728f08fb75/psycopg_binary-3.3.4-cp312-cp312-manylinux_2_27_aarch64.manylinux_2_28_aarch64.whl", hash = "sha256:77df19583501ea288eaf15ac0fe7ad01e6d8091a91d5c41df5c718f307d8e31b", size = 6738180, upload-time = "2026-05-01T23:28:30.654Z" },
    { url = "https://files.pythonhosted.org/packages/7e/58/2e349e8d23905dc2317b80ac65f48fb6f821a4777a4e994a60da91c4850f/psycopg_binary-3.3.4-cp312-cp312-manylinux_2_38_riscv64.manylinux_2_39_riscv64.whl", hash = "sha256:018fbed325936da502feb546642c982dcc4b9ffdea32dfef78dbf3b7f7ad4070", size = 4978828, upload-time = "2026-05-01T23:28:37.277Z" },
    { url = "https://files.pythonhosted.org/packages/45/48/57b00d03b4721878326122a1f1e6b0a90b85bcaec56b5b2f8ea6cfa45235/psycopg_binary-3.3.4-cp312-cp312-musllinux_1_2_aarch64.whl", hash = "sha256:17a21953a9e5ff3a16dab692625a3676e2f101db5e40072f39dbee2250194d68", size = 4509757, upload-time = "2026-05-01T23:28:43.078Z" },
    { url = "https://files.pythonhosted.org/packages/25/37/33b47d8c007df69aec500df5889767c4d313748e8e9e27a2fef8a6dabcee/psycopg_binary-3.3.4-cp312-cp312-musllinux_1_2_ppc64le.whl", hash = "sha256:eb05ee1c2b817d27c537333224c9e83c7afb86fe7296ba970990068baf819b16", size = 4190546, upload-time = "2026-05-01T23:28:50.016Z" },
    { url = "https://files.pythonhosted.org/packages/ca/c6/32b0835dbc2122617902b649d76a91c1e75406e76bf3d595b0c3bb5ffad6/psycopg_binary-3.3.4-cp312-cp312-musllinux_1_2_riscv64.whl", hash = "sha256:773d573e11f437ce0bdb95b7c18dc58390494f96d43f8b45b9760436114f7652", size = 3926197, upload-time = "2026-05-01T23:28:55.55Z" },
    { url = "https://files.pythonhosted.org/packages/cd/68/d190ef0c0c5b16ded07831dabc8ddd412f4cdab07ec6e30ed38d9bda0e1f/psycopg_binary-3.3.4-cp312-cp312-musllinux_1_2_x86_64.whl", hash = "sha256:71e55ccbdfae79a2ed9c6369c3008a3025817ff9d7e27b32a2d84e2a4267e66e", size = 4236627, upload-time = "2026-05-01T23:29:05.336Z" },
    { url = "https://files.pythonhosted.org/packages/25/8f/81dcbc2e8454b74d14881275ea45f00791052dac531a9fa8be1730d1685b/psycopg_binary-3.3.4-cp312-cp312-win_amd64.whl", hash = "sha256:494ca54901be8cf9eb7e02c25b731f2317c378efa44f43e8f9bd0e1184ae7be4", size = 3560782, upload-time = "2026-05-01T23:29:11.967Z" },
]

[[package]]
name = "pygments"
version = "2.20.0"
source = { registry = "https://pypi.org/simple" }
sdist = { url = "https://files.pythonhosted.org/packages/c3/b2/bc9c9196916376152d655522fdcebac55e66de6603a76a02bca1b6414f6c/pygments-2.20.0.tar.gz", hash = "sha256:6757cd03768053ff99f3039c1a36d6c0aa0b263438fcab17520b30a303a82b5f", size = 4955991, upload-time = "2026-03-29T13:29:33.898Z" }
wheels = [
    { url = "https://files.pythonhosted.org/packages/f4/7e/a72dd26f3b0f4f2bf1dd8923c85f7ceb43172af56d63c7383eb62b332364/pygments-2.20.0-py3-none-any.whl", hash = "sha256:81a9e26dd42fd28a23a2d169d86d7ac03b46e2f8b59ed4698fb4785f946d0176", size = 1231151, upload-time = "2026-03-29T13:29:30.038Z" },
]

[[package]]
name = "pytest"
version = "9.0.3"
source = { registry = "https://pypi.org/simple" }
dependencies = [
    { name = "colorama", marker = "sys_platform == 'win32'" },
    { name = "iniconfig" },
    { name = "packaging" },
    { name = "pluggy" },
    { name = "pygments" },
]
sdist = { url = "https://files.pythonhosted.org/packages/7d/0d/549bd94f1a0a402dc8cf64563a117c0f3765662e2e668477624baeec44d5/pytest-9.0.3.tar.gz", hash = "sha256:b86ada508af81d19edeb213c681b1d48246c1a91d304c6c81a427674c17eb91c", size = 1572165, upload-time = "2026-04-07T17:16:18.027Z" }
wheels = [
    { url = "https://files.pythonhosted.org/packages/d4/24/a372aaf5c9b7208e7112038812994107bc65a84cd00e0354a88c2c77a617/pytest-9.0.3-py3-none-any.whl", hash = "sha256:2c5efc453d45394fdd706ade797c0a81091eccd1d6e4bccfcd476e2b8e0ab5d9", size = 375249, upload-time = "2026-04-07T17:16:16.13Z" },
]

[[package]]
name = "python-dateutil"
version = "2.9.0.post0"
source = { registry = "https://pypi.org/simple" }
dependencies = [
    { name = "six" },
]
sdist = { url = "https://files.pythonhosted.org/packages/66/c0/0c8b6ad9f17a802ee498c46e004a0eb49bc148f2fd230864601a86dcf6db/python-dateutil-2.9.0.post0.tar.gz", hash = "sha256:37dd54208da7e1cd875388217d5e00ebd4179249f90fb72437e91a35459a0ad3", size = 342432, upload-time = "2024-03-01T18:36:20.211Z" }
wheels = [
    { url = "https://files.pythonhosted.org/packages/ec/57/56b9bcc3c9c6a792fcbaf139543cee77261f3651ca9da0c93f5c1221264b/python_dateutil-2.9.0.post0-py2.py3-none-any.whl", hash = "sha256:a8b2bc7bffae282281c8140a97d3aa9c14da0b136dfe83f850eea9a5f7470427", size = 229892, upload-time = "2024-03-01T18:36:18.57Z" },
]

[[package]]
name = "scikit-learn"
version = "1.9.0"
source = { registry = "https://pypi.org/simple" }
dependencies = [
    { name = "joblib" },
    { name = "narwhals" },
    { name = "numpy" },
    { name = "scipy" },
    { name = "threadpoolctl" },
]
sdist = { url = "https://files.pythonhosted.org/packages/fa/6f/37092bdb25f712817231799fc5674d8e704066a8a70c1d2d40517e18b4ab/scikit_learn-1.9.0.tar.gz", hash = "sha256:8833266989d3a5110178a9fae30783675460724d0e1efb13b14901d2c660c557", size = 7750767, upload-time = "2026-06-02T11:54:32.706Z" }
wheels = [
    { url = "https://files.pythonhosted.org/packages/ac/20/75f915ff375d6249e6550ac740fdbbd66159a068fd3af1400ff62036b07a/scikit_learn-1.9.0-cp312-cp312-macosx_10_13_x86_64.whl", hash = "sha256:2bd41b0d201bc81575531b96b713d3eb5e5f50fb0b82101ff0f92294fdc236ac", size = 8741122, upload-time = "2026-06-02T11:53:24.08Z" },
    { url = "https://files.pythonhosted.org/packages/cc/d5/2b5148f2279196775e1db2aeb85d14b70ac80e7e32b3b28e7ebeafb0901d/scikit_learn-1.9.0-cp312-cp312-macosx_12_0_arm64.whl", hash = "sha256:5be45aa4a42a68a533913a6ed736cf309de2226411c79ef8d609a5456f1939b1", size = 8261512, upload-time = "2026-06-02T11:53:27.183Z" },
    { url = "https://files.pythonhosted.org/packages/a0/ee/5adbc77656b71f9456a2f5a7a9fdb4bcf9207a6b962889f1c2f9323afa4e/scikit_learn-1.9.0-cp312-cp312-manylinux_2_27_aarch64.manylinux_2_28_aarch64.whl", hash = "sha256:5e50ed4da51974e86e940690e9a3d82e729b62b5a49f7c9bac534d515d39d86f", size = 8837603, upload-time = "2026-06-02T11:53:30.328Z" },
    { url = "https://files.pythonhosted.org/packages/6c/c2/63fdda36c56437eeb44aaf9493c8bcd62ce230ab1598924fc626ffbfa943/scikit_learn-1.9.0-cp312-cp312-manylinux_2_27_x86_64.manylinux_2_28_x86_64.whl", hash = "sha256:056c92bb67ad4c28463c2f2653d9701449201e7e7a9e94e321be0f71c4fef2b8", size = 9132097, upload-time = "2026-06-02T11:53:33.456Z" },
    { url = "https://files.pythonhosted.org/packages/83/a4/c8e67227c680e2259c8864ae72ff48b06e16a6f51253a22167aa02a8aa4e/scikit_learn-1.9.0-cp312-cp312-win_amd64.whl", hash = "sha256:4306775fad04cc4b472a1b15af1ae9cede1540fbfcc17fbce3767cd8dc7ae283", size = 8211173, upload-time = "2026-06-02T11:53:36.602Z" },
    { url = "https://files.pythonhosted.org/packages/cf/fd/3c0863792e98e67e9184aa4029288a175935eb65443afcd30d4f143450cf/scikit_learn-1.9.0-cp312-cp312-win_arm64.whl", hash = "sha256:26e22435f63bcdcf396b574273f29f13dd531f5ea035801f5be10ba1540a4e60", size = 7867451, upload-time = "2026-06-02T11:53:39.075Z" },
]

[[package]]
name = "scipy"
version = "1.17.1"
source = { registry = "https://pypi.org/simple" }
dependencies = [
    { name = "numpy" },
]
sdist = { url = "https://files.pythonhosted.org/packages/7a/97/5a3609c4f8d58b039179648e62dd220f89864f56f7357f5d4f45c29eb2cc/scipy-1.17.1.tar.gz", hash = "sha256:95d8e012d8cb8816c226aef832200b1d45109ed4464303e997c5b13122b297c0", size = 30573822, upload-time = "2026-02-23T00:26:24.851Z" }
wheels = [
    { url = "https://files.pythonhosted.org/packages/35/48/b992b488d6f299dbe3f11a20b24d3dda3d46f1a635ede1c46b5b17a7b163/scipy-1.17.1-cp312-cp312-macosx_10_14_x86_64.whl", hash = "sha256:35c3a56d2ef83efc372eaec584314bd0ef2e2f0d2adb21c55e6ad5b344c0dcb8", size = 31610954, upload-time = "2026-02-23T00:17:49.855Z" },
    { url = "https://files.pythonhosted.org/packages/b2/02/cf107b01494c19dc100f1d0b7ac3cc08666e96ba2d64db7626066cee895e/scipy-1.17.1-cp312-cp312-macosx_12_0_arm64.whl", hash = "sha256:fcb310ddb270a06114bb64bbe53c94926b943f5b7f0842194d585c65eb4edd76", size = 28172662, upload-time = "2026-02-23T00:18:01.64Z" },
    { url = "https://files.pythonhosted.org/packages/cf/a9/599c28631bad314d219cf9ffd40e985b24d603fc8a2f4ccc5ae8419a535b/scipy-1.17.1-cp312-cp312-macosx_14_0_arm64.whl", hash = "sha256:cc90d2e9c7e5c7f1a482c9875007c095c3194b1cfedca3c2f3291cdc2bc7c086", size = 20344366, upload-time = "2026-02-23T00:18:12.015Z" },
    { url = "https://files.pythonhosted.org/packages/35/f5/906eda513271c8deb5af284e5ef0206d17a96239af79f9fa0aebfe0e36b4/scipy-1.17.1-cp312-cp312-macosx_14_0_x86_64.whl", hash = "sha256:c80be5ede8f3f8eded4eff73cc99a25c388ce98e555b17d31da05287015ffa5b", size = 22704017, upload-time = "2026-02-23T00:18:21.502Z" },
    { url = "https://files.pythonhosted.org/packages/da/34/16f10e3042d2f1d6b66e0428308ab52224b6a23049cb2f5c1756f713815f/scipy-1.17.1-cp312-cp312-manylinux_2_27_aarch64.manylinux_2_28_aarch64.whl", hash = "sha256:e19ebea31758fac5893a2ac360fedd00116cbb7628e650842a6691ba7ca28a21", size = 32927842, upload-time = "2026-02-23T00:18:35.367Z" },
    { url = "https://files.pythonhosted.org/packages/01/8e/1e35281b8ab6d5d72ebe9911edcdffa3f36b04ed9d51dec6dd140396e220/scipy-1.17.1-cp312-cp312-manylinux_2_27_x86_64.manylinux_2_28_x86_64.whl", hash = "sha256:02ae3b274fde71c5e92ac4d54bc06c42d80e399fec704383dcd99b301df37458", size = 35235890, upload-time = "2026-02-23T00:18:49.188Z" },
    { url = "https://files.pythonhosted.org/packages/c5/5c/9d7f4c88bea6e0d5a4f1bc0506a53a00e9fcb198de372bfe4d3652cef482/scipy-1.17.1-cp312-cp312-musllinux_1_2_aarch64.whl", hash = "sha256:8a604bae87c6195d8b1045eddece0514d041604b14f2727bbc2b3020172045eb", size = 35003557, upload-time = "2026-02-23T00:18:54.74Z" },
    { url = "https://files.pythonhosted.org/packages/65/94/7698add8f276dbab7a9de9fb6b0e02fc13ee61d51c7c3f85ac28b65e1239/scipy-1.17.1-cp312-cp312-musllinux_1_2_x86_64.whl", hash = "sha256:f590cd684941912d10becc07325a3eeb77886fe981415660d9265c4c418d0bea", size = 37625856, upload-time = "2026-02-23T00:19:00.307Z" },
    { url = "https://files.pythonhosted.org/packages/a2/84/dc08d77fbf3d87d3ee27f6a0c6dcce1de5829a64f2eae85a0ecc1f0daa73/scipy-1.17.1-cp312-cp312-win_amd64.whl", hash = "sha256:41b71f4a3a4cab9d366cd9065b288efc4d4f3c0b37a91a8e0947fb5bd7f31d87", size = 36549682, upload-time = "2026-02-23T00:19:07.67Z" },
    { url = "https://files.pythonhosted.org/packages/bc/98/fe9ae9ffb3b54b62559f52dedaebe204b408db8109a8c66fdd04869e6424/scipy-1.17.1-cp312-cp312-win_arm64.whl", hash = "sha256:f4115102802df98b2b0db3cce5cb9b92572633a1197c77b7553e5203f284a5b3", size = 24547340, upload-time = "2026-02-23T00:19:12.024Z" },
]

[[package]]
name = "six"
version = "1.17.0"
source = { registry = "https://pypi.org/simple" }
sdist = { url = "https://files.pythonhosted.org/packages/94/e7/b2c673351809dca68a0e064b6af791aa332cf192da575fd474ed7d6f16a2/six-1.17.0.tar.gz", hash = "sha256:ff70335d468e7eb6ec65b95b99d3a2836546063f63acc5171de367e834932a81", size = 34031, upload-time = "2024-12-04T17:35:28.174Z" }
wheels = [
    { url = "https://files.pythonhosted.org/packages/b7/ce/149a00dd41f10bc29e5921b496af8b574d8413afcd5e30dfa0ed46c2cc5e/six-1.17.0-py2.py3-none-any.whl", hash = "sha256:4721f391ed90541fddacab5acf947aa0d3dc7d27b2e1e8eda2be8970586c3274", size = 11050, upload-time = "2024-12-04T17:35:26.475Z" },
]

[[package]]
name = "sqlalchemy"
version = "2.0.50"
source = { registry = "https://pypi.org/simple" }
dependencies = [
    { name = "greenlet", marker = "platform_machine == 'AMD64' or platform_machine == 'WIN32' or platform_machine == 'aarch64' or platform_machine == 'amd64' or platform_machine == 'ppc64le' or platform_machine == 'win32' or platform_machine == 'x86_64'" },
    { name = "typing-extensions" },
]
sdist = { url = "https://files.pythonhosted.org/packages/57/da/6fbf010c8ebb347679d0d100b22fe9ba5e13fd04046c5df7280d2f0bf706/sqlalchemy-2.0.50.tar.gz", hash = "sha256:af5607d11ef90fd6a5c0549fe0045dce1663d427426bcfb506dcb5346a85a3b9", size = 9907424, upload-time = "2026-05-24T19:20:04.018Z" }
wheels = [
    { url = "https://files.pythonhosted.org/packages/be/b0/a9d19b43f38f878b1278bca5b00b909f7540d41494396dd2561f9ad0956d/sqlalchemy-2.0.50-cp312-cp312-macosx_11_0_arm64.whl", hash = "sha256:23ae23d8b9d344d30d0a92f06d45825024a5790f1c1dd4cf452636a50d3e58cb", size = 2159807, upload-time = "2026-05-24T19:27:53.086Z" },
    { url = "https://files.pythonhosted.org/packages/f5/2c/191dd58a248fd2cfd4780fa82c375c505e4ad98c8b522fa69ec492130d77/sqlalchemy-2.0.50-cp312-cp312-manylinux2014_aarch64.manylinux_2_17_aarch64.manylinux_2_28_aarch64.whl", hash = "sha256:47b71b933e7b4ebad407c8fdfd70d2c4f08b78b3238bb30eebdd6eb32ca51b89", size = 3343358, upload-time = "2026-05-24T20:09:29.279Z" },
    { url = "https://files.pythonhosted.org/packages/8a/2b/514fce8a7df81cf5bad7ff7865de7ac0c5776a38cc043475c4703eb7fe8b/sqlalchemy-2.0.50-cp312-cp312-manylinux2014_x86_64.manylinux_2_17_x86_64.manylinux_2_28_x86_64.whl", hash = "sha256:110fdac56ace278949f00de805edacbd6141e382d992f9ba28238b3a0827a600", size = 3357994, upload-time = "2026-05-24T20:17:13.495Z" },
    { url = "https://files.pythonhosted.org/packages/35/a6/a0e283f5494f92b0d77e319ff77e437b1ffe4a051ba67c81d53234825475/sqlalchemy-2.0.50-cp312-cp312-musllinux_1_2_aarch64.whl", hash = "sha256:0f5e4ac70e9e757f6b3e87c0491ff034442ecd8dfd36d041a50564c322dafc0e", size = 3289399, upload-time = "2026-05-24T20:09:32.239Z" },
    { url = "https://files.pythonhosted.org/packages/b7/96/1b07325ba71752d6a028b77d07bed1483ad545f794e8b1dc89b3ba3b3c68/sqlalchemy-2.0.50-cp312-cp312-musllinux_1_2_x86_64.whl", hash = "sha256:724f3dcbe53dd0151e3cb5e7ec4ba4c620bede579caacd16275dc35ce06e8615", size = 3321216, upload-time = "2026-05-24T20:17:15.581Z" },
    { url = "https://files.pythonhosted.org/packages/ed/8e/bad6ed253e8a99edfc99af02f7173ec48a1d3ed1b9b35a1b8bc1700900cc/sqlalchemy-2.0.50-cp312-cp312-win32.whl", hash = "sha256:1208050441471d003b7c8cb4054fb084f185cf35ac3f0ea270803865bca9939a", size = 2119194, upload-time = "2026-05-24T19:50:04.943Z" },
    { url = "https://files.pythonhosted.org/packages/b6/2d/314a6690dda4b9cfc571eab1a63cf6fe6e1470aa3759ccda6aa016ee0f5a/sqlalchemy-2.0.50-cp312-cp312-win_amd64.whl", hash = "sha256:9d1af51558029a156a70986b7df88f042b3d158d7c8d8fb5072912d4b32d89c7", size = 2146186, upload-time = "2026-05-24T19:50:06.74Z" },
    { url = "https://files.pythonhosted.org/packages/d0/10/f7220e9b784d295d241c86ed99aeb537f92afcd469a64861f2717e9bb077/sqlalchemy-2.0.50-py3-none-any.whl", hash = "sha256:92064363517a3ff8212b5a93b8c62876579d8dfd1ca5b561335f30152d884fa9", size = 1943861, upload-time = "2026-05-24T19:59:01.119Z" },
]

[[package]]
name = "threadpoolctl"
version = "3.6.0"
source = { registry = "https://pypi.org/simple" }
sdist = { url = "https://files.pythonhosted.org/packages/b7/4d/08c89e34946fce2aec4fbb45c9016efd5f4d7f24af8e5d93296e935631d8/threadpoolctl-3.6.0.tar.gz", hash = "sha256:8ab8b4aa3491d812b623328249fab5302a68d2d71745c8a4c719a2fcaba9f44e", size = 21274, upload-time = "2025-03-13T13:49:23.031Z" }
wheels = [
    { url = "https://files.pythonhosted.org/packages/32/d5/f9a850d79b0851d1d4ef6456097579a9005b31fea68726a4ae5f2d82ddd9/threadpoolctl-3.6.0-py3-none-any.whl", hash = "sha256:43a0b8fd5a2928500110039e43a5eed8480b918967083ea48dc3ab9f13c4a7fb", size = 18638, upload-time = "2025-03-13T13:49:21.846Z" },
]

[[package]]
name = "typing-extensions"
version = "4.15.0"
source = { registry = "https://pypi.org/simple" }
sdist = { url = "https://files.pythonhosted.org/packages/72/94/1a15dd82efb362ac84269196e94cf00f187f7ed21c242792a923cdb1c61f/typing_extensions-4.15.0.tar.gz", hash = "sha256:0cea48d173cc12fa28ecabc3b837ea3cf6f38c6d1136f85cbaaf598984861466", size = 109391, upload-time = "2025-08-25T13:49:26.313Z" }
wheels = [
    { url = "https://files.pythonhosted.org/packages/18/67/36e9267722cc04a6b9f15c7f3441c2363321a3ea07da7ae0c0707beb2a9c/typing_extensions-4.15.0-py3-none-any.whl", hash = "sha256:f0fa19c6845758ab08074a0cfa8b7aecb71c999ca73d62883bc25cc018c4e548", size = 44614, upload-time = "2025-08-25T13:49:24.86Z" },
]

[[package]]
name = "tzdata"
version = "2026.2"
source = { registry = "https://pypi.org/simple" }
sdist = { url = "https://files.pythonhosted.org/packages/ba/19/1b9b0e29f30c6d35cb345486df41110984ea67ae69dddbc0e8a100999493/tzdata-2026.2.tar.gz", hash = "sha256:9173fde7d80d9018e02a662e168e5a2d04f87c41ea174b139fbef642eda62d10", size = 198254, upload-time = "2026-04-24T15:22:08.651Z" }
wheels = [
    { url = "https://files.pythonhosted.org/packages/ce/e4/dccd7f47c4b64213ac01ef921a1337ee6e30e8c6466046018326977efd95/tzdata-2026.2-py2.py3-none-any.whl", hash = "sha256:bbe9af844f658da81a5f95019480da3a89415801f6cc966806612cc7169bffe7", size = 349321, upload-time = "2026-04-24T15:22:05.876Z" },
]
